
Microsoft Visual Studio Solution File, Format Version 12.00
# Visual Studio 2012
Project("{FAE04EC0-301F-11D3-BF4B-00C04F79EFBC}") = "output", "output\output.csproj", "{8E1BE617-C268-46E5-961F-58B9C411ADCC}"
EndProject
Global
	GlobalSection(SolutionConfigurationPlatforms) = preSolution
		Debug|Any CPU = Debug|Any CPU
		Release|Any CPU = Release|Any CPU
	EndGlobalSection
	GlobalSection(ProjectConfigurationPlatforms) = postSolution
		{8E1BE617-C268-46E5-961F-58B9C411ADCC}.Debug|Any CPU.ActiveCfg = Debug|Any CPU
		{8E1BE617-C268-46E5-961F-58B9C411ADCC}.Debug|Any CPU.Build.0 = Debug|Any CPU
		{8E1BE617-C268-46E5-961F-58B9C411ADCC}.Release|Any CPU.ActiveCfg = Release|Any CPU
		{8E1BE617-C268-46E5-961F-58B9C411ADCC}.Release|Any CPU.Build.0 = Release|Any CPU
	EndGlobalSection
	GlobalSection(SolutionProperties) = preSolution
		HideSolutionNode = FALSE
	EndGlobalSection
EndGlobal
